
Microsoft Visual Studio Solution File, Format Version 12.00
# Visual Studio Version 17
VisualStudioVersion = 17.14.36221.1
MinimumVisualStudioVersion = 10.0.40219.1
Project("{FAE04EC0-301F-11D3-BF4B-00C04F79EFBC}") = "Musify", "Musify\Musify.csproj", "{7EABCB0C-68C9-4241-82B5-CAF41E2C2DA2}"
EndProject
Project("{FAE04EC0-301F-11D3-BF4B-00C04F79EFBC}") = "Domain", "Domain\Domain.csproj", "{A16A0B22-7FC1-4901-AC8F-A378DBC23A6B}"
EndProject
Project("{FAE04EC0-301F-11D3-BF4B-00C04F79EFBC}") = "Application", "Application\Application.csproj", "{8308877A-5435-4A9F-8951-0BD60FBCEC50}"
EndProject
Project("{FAE04EC0-301F-11D3-BF4B-00C04F79EFBC}") = "Infrastructure", "Infrastructure\Infrastructure.csproj", "{5548C563-530D-4AD9-9A68-CCF0DE30E5EA}"
EndProject
Project("{FAE04EC0-301F-11D3-BF4B-00C04F79EFBC}") = "Musify.Tests", "Musify.Tests\Musify.Tests.csproj", "{B11DD012-80AF-D610-5546-2858CC54BFC1}"
EndProject
Global
	GlobalSection(SolutionConfigurationPlatforms) = preSolution
		Debug|Any CPU = Debug|Any CPU
		Debug|x64 = Debug|x64
		Debug|x86 = Debug|x86
		Release|Any CPU = Release|Any CPU
		Release|x64 = Release|x64
		Release|x86 = Release|x86
	EndGlobalSection
	GlobalSection(ProjectConfigurationPlatforms) = postSolution
		{7EABCB0C-68C9-4241-82B5-CAF41E2C2DA2}.Debug|Any CPU.ActiveCfg = Debug|Any CPU
		{7EABCB0C-68C9-4241-82B5-CAF41E2C2DA2}.Debug|Any CPU.Build.0 = Debug|Any CPU
		{7EABCB0C-68C9-4241-82B5-CAF41E2C2DA2}.Debug|x64.ActiveCfg = Debug|Any CPU
		{7EABCB0C-68C9-4241-82B5-CAF41E2C2DA2}.Debug|x64.Build.0 = Debug|Any CPU
		{7EABCB0C-68C9-4241-82B5-CAF41E2C2DA2}.Debug|x86.ActiveCfg = Debug|Any CPU
		{7EABCB0C-68C9-4241-82B5-CAF41E2C2DA2}.Debug|x86.Build.0 = Debug|Any CPU
		{7EABCB0C-68C9-4241-82B5-CAF41E2C2DA2}.Release|Any CPU.ActiveCfg = Release|Any CPU
		{7EABCB0C-68C9-4241-82B5-CAF41E2C2DA2}.Release|Any CPU.Build.0 = Release|Any CPU
		{7EABCB0C-68C9-4241-82B5-CAF41E2C2DA2}.Release|x64.ActiveCfg = Release|Any CPU
		{7EABCB0C-68C9-4241-82B5-CAF41E2C2DA2}.Release|x64.Build.0 = Release|Any CPU
		{7EABCB0C-68C9-4241-82B5-CAF41E2C2DA2}.Release|x86.ActiveCfg = Release|Any CPU
		{7EABCB0C-68C9-4241-82B5-CAF41E2C2DA2}.Release|x86.Build.0 = Release|Any CPU
		{A16A0B22-7FC1-4901-AC8F-A378DBC23A6B}.Debug|Any CPU.ActiveCfg = Debug|Any CPU
		{A16A0B22-7FC1-4901-AC8F-A378DBC23A6B}.Debug|Any CPU.Build.0 = Debug|Any CPU
		{A16A0B22-7FC1-4901-AC8F-A378DBC23A6B}.Debug|x64.ActiveCfg = Debug|Any CPU
		{A16A0B22-7FC1-4901-AC8F-A378DBC23A6B}.Debug|x64.Build.0 = Debug|Any CPU
		{A16A0B22-7FC1-4901-AC8F-A378DBC23A6B}.Debug|x86.ActiveCfg = Debug|Any CPU
		{A16A0B22-7FC1-4901-AC8F-A378DBC23A6B}.Debug|x86.Build.0 = Debug|Any CPU
		{A16A0B22-7FC1-4901-AC8F-A378DBC23A6B}.Release|Any CPU.ActiveCfg = Release|Any CPU
		{A16A0B22-7FC1-4901-AC8F-A378DBC23A6B}.Release|Any CPU.Build.0 = Release|Any CPU
		{A16A0B22-7FC1-4901-AC8F-A378DBC23A6B}.Release|x64.ActiveCfg = Release|Any CPU
		{A16A0B22-7FC1-4901-AC8F-A378DBC23A6B}.Release|x64.Build.0 = Release|Any CPU
		{A16A0B22-7FC1-4901-AC8F-A378DBC23A6B}.Release|x86.ActiveCfg = Release|Any CPU
		{A16A0B22-7FC1-4901-AC8F-A378DBC23A6B}.Release|x86.Build.0 = Release|Any CPU
		{8308877A-5435-4A9F-8951-0BD60FBCEC50}.Debug|Any CPU.ActiveCfg = Debug|Any CPU
		{8308877A-5435-4A9F-8951-0BD60FBCEC50}.Debug|Any CPU.Build.0 = Debug|Any CPU
		{8308877A-5435-4A9F-8951-0BD60FBCEC50}.Debug|x64.ActiveCfg = Debug|Any CPU
		{8308877A-5435-4A9F-8951-0BD60FBCEC50}.Debug|x64.Build.0 = Debug|Any CPU
		{8308877A-5435-4A9F-8951-0BD60FBCEC50}.Debug|x86.ActiveCfg = Debug|Any CPU
		{8308877A-5435-4A9F-8951-0BD60FBCEC50}.Debug|x86.Build.0 = Debug|Any CPU
		{8308877A-5435-4A9F-8951-0BD60FBCEC50}.Release|Any CPU.ActiveCfg = Release|Any CPU
		{8308877A-5435-4A9F-8951-0BD60FBCEC50}.Release|Any CPU.Build.0 = Release|Any CPU
		{8308877A-5435-4A9F-8951-0BD60FBCEC50}.Release|x64.ActiveCfg = Release|Any CPU
		{8308877A-5435-4A9F-8951-0BD60FBCEC50}.Release|x64.Build.0 = Release|Any CPU
		{8308877A-5435-4A9F-8951-0BD60FBCEC50}.Release|x86.ActiveCfg = Release|Any CPU
		{8308877A-5435-4A9F-8951-0BD60FBCEC50}.Release|x86.Build.0 = Release|Any CPU
		{5548C563-530D-4AD9-9A68-CCF0DE30E5EA}.Debug|Any CPU.ActiveCfg = Debug|Any CPU
		{5548C563-530D-4AD9-9A68-CCF0DE30E5EA}.Debug|Any CPU.Build.0 = Debug|Any CPU
		{5548C563-530D-4AD9-9A68-CCF0DE30E5EA}.Debug|x64.ActiveCfg = Debug|Any CPU
		{5548C563-530D-4AD9-9A68-CCF0DE30E5EA}.Debug|x64.Build.0 = Debug|Any CPU
		{5548C563-530D-4AD9-9A68-CCF0DE30E5EA}.Debug|x86.ActiveCfg = Debug|Any CPU
		{5548C563-530D-4AD9-9A68-CCF0DE30E5EA}.Debug|x86.Build.0 = Debug|Any CPU
		{5548C563-530D-4AD9-9A68-CCF0DE30E5EA}.Release|Any CPU.ActiveCfg = Release|Any CPU
		{5548C563-530D-4AD9-9A68-CCF0DE30E5EA}.Release|Any CPU.Build.0 = Release|Any CPU
		{5548C563-530D-4AD9-9A68-CCF0DE30E5EA}.Release|x64.ActiveCfg = Release|Any CPU
		{5548C563-530D-4AD9-9A68-CCF0DE30E5EA}.Release|x64.Build.0 = Release|Any CPU
		{5548C563-530D-4AD9-9A68-CCF0DE30E5EA}.Release|x86.ActiveCfg = Release|Any CPU
		{5548C563-530D-4AD9-9A68-CCF0DE30E5EA}.Release|x86.Build.0 = Release|Any CPU
		{B11DD012-80AF-D610-5546-2858CC54BFC1}.Debug|Any CPU.ActiveCfg = Debug|Any CPU
		{B11DD012-80AF-D610-5546-2858CC54BFC1}.Debug|Any CPU.Build.0 = Debug|Any CPU
		{B11DD012-80AF-D610-5546-2858CC54BFC1}.Debug|x64.ActiveCfg = Debug|Any CPU
		{B11DD012-80AF-D610-5546-2858CC54BFC1}.Debug|x64.Build.0 = Debug|Any CPU
		{B11DD012-80AF-D610-5546-2858CC54BFC1}.Debug|x86.ActiveCfg = Debug|Any CPU
		{B11DD012-80AF-D610-5546-2858CC54BFC1}.Debug|x86.Build.0 = Debug|Any CPU
		{B11DD012-80AF-D610-5546-2858CC54BFC1}.Release|Any CPU.ActiveCfg = Release|Any CPU
		{B11DD012-80AF-D610-5546-2858CC54BFC1}.Release|Any CPU.Build.0 = Release|Any CPU
		{B11DD012-80AF-D610-5546-2858CC54BFC1}.Release|x64.ActiveCfg = Release|Any CPU
		{B11DD012-80AF-D610-5546-2858CC54BFC1}.Release|x64.Build.0 = Release|Any CPU
		{B11DD012-80AF-D610-5546-2858CC54BFC1}.Release|x86.ActiveCfg = Release|Any CPU
		{B11DD012-80AF-D610-5546-2858CC54BFC1}.Release|x86.Build.0 = Release|Any CPU
		{F52B69BC-43D7-429C-B557-AF191A9D0BDC}.Debug|Any CPU.ActiveCfg = Debug|Any CPU
		{F52B69BC-43D7-429C-B557-AF191A9D0BDC}.Debug|Any CPU.Build.0 = Debug|Any CPU
		{F52B69BC-43D7-429C-B557-AF191A9D0BDC}.Debug|Any CPU.Deploy.0 = Debug|Any CPU
		{F52B69BC-43D7-429C-B557-AF191A9D0BDC}.Debug|x64.ActiveCfg = Debug|Any CPU
		{F52B69BC-43D7-429C-B557-AF191A9D0BDC}.Debug|x64.Build.0 = Debug|Any CPU
		{F52B69BC-43D7-429C-B557-AF191A9D0BDC}.Debug|x64.Deploy.0 = Debug|Any CPU
		{F52B69BC-43D7-429C-B557-AF191A9D0BDC}.Debug|x86.ActiveCfg = Debug|Any CPU
		{F52B69BC-43D7-429C-B557-AF191A9D0BDC}.Debug|x86.Build.0 = Debug|Any CPU
		{F52B69BC-43D7-429C-B557-AF191A9D0BDC}.Debug|x86.Deploy.0 = Debug|Any CPU
		{F52B69BC-43D7-429C-B557-AF191A9D0BDC}.Release|Any CPU.ActiveCfg = Release|Any CPU
		{F52B69BC-43D7-429C-B557-AF191A9D0BDC}.Release|Any CPU.Build.0 = Release|Any CPU
		{F52B69BC-43D7-429C-B557-AF191A9D0BDC}.Release|Any CPU.Deploy.0 = Release|Any CPU
		{F52B69BC-43D7-429C-B557-AF191A9D0BDC}.Release|x64.ActiveCfg = Release|Any CPU
		{F52B69BC-43D7-429C-B557-AF191A9D0BDC}.Release|x64.Build.0 = Release|Any CPU
		{F52B69BC-43D7-429C-B557-AF191A9D0BDC}.Release|x64.Deploy.0 = Release|Any CPU
		{F52B69BC-43D7-429C-B557-AF191A9D0BDC}.Release|x86.ActiveCfg = Release|Any CPU
		{F52B69BC-43D7-429C-B557-AF191A9D0BDC}.Release|x86.Build.0 = Release|Any CPU
		{F52B69BC-43D7-429C-B557-AF191A9D0BDC}.Release|x86.Deploy.0 = Release|Any CPU
	EndGlobalSection
	GlobalSection(SolutionProperties) = preSolution
		HideSolutionNode = FALSE
	EndGlobalSection
	GlobalSection(ExtensibilityGlobals) = postSolution
		SolutionGuid = {925F8E86-42EA-4869-8C18-05112BBACDFD}
	EndGlobalSection
EndGlobal
